Microsoft Visual Studio Solution File, Format Version 12.00
# Visual Studio 15
VisualStudioVersion = 15.0.27130.2036
MinimumVisualStudioVersion = 10.0.40219.1
Project("{9A19103F-16F7-4668-BE54-9A1E7A4F7556}") = "CryptoTools", "..\mylibs\CryptoTools\CryptoTools.csproj", "{A0807252-C51C-41C3-84FB-2E2CD97C31FC}"
EndProject
Project("{9A19103F-16F7-4668-BE54-9A1E7A4F7556}") = "CryptoRiskManager", "CryptoRiskManager\CryptoRiskManager.csproj", "{657E63B6-66B3-4804-93FB-6E4BC72FCEA7}"
EndProject
Global
	GlobalSection(SolutionConfigurationPlatforms) = preSolution
		Debug|Any CPU = Debug|Any CPU
		Release|Any CPU = Release|Any CPU
	EndGlobalSection
	GlobalSection(ProjectConfigurationPlatforms) = postSolution
		{A0807252-C51C-41C3-84FB-2E2CD97C31FC}.Debug|Any CPU.ActiveCfg = Debug|Any CPU
		{A0807252-C51C-41C3-84FB-2E2CD97C31FC}.Debug|Any CPU.Build.0 = Debug|Any CPU
		{A0807252-C51C-41C3-84FB-2E2CD97C31FC}.Release|Any CPU.ActiveCfg = Release|Any CPU
		{A0807252-C51C-41C3-84FB-2E2CD97C31FC}.Release|Any CPU.Build.0 = Release|Any CPU
		{657E63B6-66B3-4804-93FB-6E4BC72FCEA7}.Debug|Any CPU.ActiveCfg = Debug|Any CPU
		{657E63B6-66B3-4804-93FB-6E4BC72FCEA7}.Debug|Any CPU.Build.0 = Debug|Any CPU
		{657E63B6-66B3-4804-93FB-6E4BC72FCEA7}.Release|Any CPU.ActiveCfg = Release|Any CPU
		{657E63B6-66B3-4804-93FB-6E4BC72FCEA7}.Release|Any CPU.Build.0 = Release|Any CPU
	EndGlobalSection
	GlobalSection(SolutionProperties) = preSolution
		HideSolutionNode = FALSE
	EndGlobalSection
	GlobalSection(ExtensibilityGlobals) = postSolution
		SolutionGuid = {E06AB8E1-8FC9-46FA-9337-DCDDE8B654A4}
	EndGlobalSection
EndGlobal
